
Microsoft Visual Studio Solution File, Format Version 12.00
# Visual Studio 2013
VisualStudioVersion = 12.0.21005.1
MinimumVisualStudioVersion = 10.0.40219.1
Project("{FAE04EC0-301F-11D3-BF4B-00C04F79EFBC}") = "EIApp.WebSite", "EIApp.WebSite\EIApp.WebSite.csproj", "{057CA37B-BA63-43E7-95F8-33A76CFC95A6}"
EndProject
Project("{FAE04EC0-301F-11D3-BF4B-00C04F79EFBC}") = "EIApp.IDAL", "EIApp.IDAL\EIApp.IDAL.csproj", "{9AF06B7F-FB3B-4459-810C-DBAA18AF34D4}"
EndProject
Project("{FAE04EC0-301F-11D3-BF4B-00C04F79EFBC}") = "EIApp.DAL", "EIApp.DAL\EIApp.DAL.csproj", "{7AF12630-452F-401D-94BD-C613F0C102C1}"
EndProject
Project("{FAE04EC0-301F-11D3-BF4B-00C04F79EFBC}") = "EIApp.Models", "EIApp.Models\EIApp.Models.csproj", "{2DDE22D4-3E99-4D84-B9AA-50274D23254E}"
EndProject
Project("{FAE04EC0-301F-11D3-BF4B-00C04F79EFBC}") = "EIApp.IBLL", "EIApp.IBLL\EIApp.IBLL.csproj", "{74473563-D57A-409D-8953-2F95EB610165}"
EndProject
Project("{FAE04EC0-301F-11D3-BF4B-00C04F79EFBC}") = "EIApp.BLL", "EIApp.BLL\EIApp.BLL.csproj", "{C6C52DD1-1E85-4F49-B0C7-60E94E7ED0DE}"
EndProject
Project("{FAE04EC0-301F-11D3-BF4B-00C04F79EFBC}") = "EIApp.Common", "EIApp.Common\EIApp.Common.csproj", "{14DFF639-7E2D-4180-9BF9-F32D35A8E9AA}"
EndProject
Project("{FAE04EC0-301F-11D3-BF4B-00C04F79EFBC}") = "EIApp.Core", "EIApp.Core\EIApp.Core.csproj", "{CFFAF2B2-2E4C-403D-B95F-B876D6A524E4}"
EndProject
Project("{2150E333-8FDC-42A3-9474-1A3956D46DE8}") = "0、模型层", "0、模型层", "{D3317645-0368-4D74-8A45-1EC477144042}"
EndProject
Project("{2150E333-8FDC-42A3-9474-1A3956D46DE8}") = "1、业务层", "1、业务层", "{F3052DDE-4235-43ED-9809-E270DA2656E6}"
EndProject
Project("{2150E333-8FDC-42A3-9474-1A3956D46DE8}") = "2、数据层", "2、数据层", "{E75DC213-FD4C-40AD-9BEA-551CF4142470}"
EndProject
Project("{2150E333-8FDC-42A3-9474-1A3956D46DE8}") = "3、通用类库", "3、通用类库", "{93488FB1-5496-4036-A17F-165214C7084F}"
EndProject
Project("{2150E333-8FDC-42A3-9474-1A3956D46DE8}") = "4、核心类库", "4、核心类库", "{CDAF2CDE-F0C3-4CA0-B88D-9AC19F7C53D0}"
EndProject
Project("{2150E333-8FDC-42A3-9474-1A3956D46DE8}") = "6、表现层", "6、表现层", "{8783F882-4518-4336-85ED-BC047B825382}"
EndProject
Project("{FAE04EC0-301F-11D3-BF4B-00C04F79EFBC}") = "DotNet.Utilities", "DotNet.Utilities\DotNet.Utilities.csproj", "{0A9704F9-7864-45AF-BFA7-E09F2B30A29F}"
EndProject
Project("{FAE04EC0-301F-11D3-BF4B-00C04F79EFBC}") = "EIAppeEmail", "EIAppeEmail\EIAppeEmail.csproj", "{1C169613-5B7D-4128-ADDA-E3D5D82C39FA}"
EndProject
Project("{FAE04EC0-301F-11D3-BF4B-00C04F79EFBC}") = "ORM", "ORM\ORM.csproj", "{EB7891B1-80AC-44F1-AD8B-7060F33EADFC}"
EndProject
Global
	GlobalSection(SolutionConfigurationPlatforms) = preSolution
		Debug|Any CPU = Debug|Any CPU
		Release|Any CPU = Release|Any CPU
	EndGlobalSection
	GlobalSection(ProjectConfigurationPlatforms) = postSolution
		{057CA37B-BA63-43E7-95F8-33A76CFC95A6}.Debug|Any CPU.ActiveCfg = Debug|Any CPU
		{057CA37B-BA63-43E7-95F8-33A76CFC95A6}.Debug|Any CPU.Build.0 = Debug|Any CPU
		{057CA37B-BA63-43E7-95F8-33A76CFC95A6}.Release|Any CPU.ActiveCfg = Release|Any CPU
		{057CA37B-BA63-43E7-95F8-33A76CFC95A6}.Release|Any CPU.Build.0 = Release|Any CPU
		{9AF06B7F-FB3B-4459-810C-DBAA18AF34D4}.Debug|Any CPU.ActiveCfg = Debug|Any CPU
		{9AF06B7F-FB3B-4459-810C-DBAA18AF34D4}.Debug|Any CPU.Build.0 = Debug|Any CPU
		{9AF06B7F-FB3B-4459-810C-DBAA18AF34D4}.Release|Any CPU.ActiveCfg = Release|Any CPU
		{9AF06B7F-FB3B-4459-810C-DBAA18AF34D4}.Release|Any CPU.Build.0 = Release|Any CPU
		{7AF12630-452F-401D-94BD-C613F0C102C1}.Debug|Any CPU.ActiveCfg = Debug|Any CPU
		{7AF12630-452F-401D-94BD-C613F0C102C1}.Debug|Any CPU.Build.0 = Debug|Any CPU
		{7AF12630-452F-401D-94BD-C613F0C102C1}.Release|Any CPU.ActiveCfg = Release|Any CPU
		{7AF12630-452F-401D-94BD-C613F0C102C1}.Release|Any CPU.Build.0 = Release|Any CPU
		{2DDE22D4-3E99-4D84-B9AA-50274D23254E}.Debug|Any CPU.ActiveCfg = Debug|Any CPU
		{2DDE22D4-3E99-4D84-B9AA-50274D23254E}.Debug|Any CPU.Build.0 = Debug|Any CPU
		{2DDE22D4-3E99-4D84-B9AA-50274D23254E}.Release|Any CPU.ActiveCfg = Release|Any CPU
		{2DDE22D4-3E99-4D84-B9AA-50274D23254E}.Release|Any CPU.Build.0 = Release|Any CPU
		{74473563-D57A-409D-8953-2F95EB610165}.Debug|Any CPU.ActiveCfg = Debug|Any CPU
		{74473563-D57A-409D-8953-2F95EB610165}.Debug|Any CPU.Build.0 = Debug|Any CPU
		{74473563-D57A-409D-8953-2F95EB610165}.Release|Any CPU.ActiveCfg = Release|Any CPU
		{74473563-D57A-409D-8953-2F95EB610165}.Release|Any CPU.Build.0 = Release|Any CPU
		{C6C52DD1-1E85-4F49-B0C7-60E94E7ED0DE}.Debug|Any CPU.ActiveCfg = Debug|Any CPU
		{C6C52DD1-1E85-4F49-B0C7-60E94E7ED0DE}.Debug|Any CPU.Build.0 = Debug|Any CPU
		{C6C52DD1-1E85-4F49-B0C7-60E94E7ED0DE}.Release|Any CPU.ActiveCfg = Release|Any CPU
		{C6C52DD1-1E85-4F49-B0C7-60E94E7ED0DE}.Release|Any CPU.Build.0 = Release|Any CPU
		{14DFF639-7E2D-4180-9BF9-F32D35A8E9AA}.Debug|Any CPU.ActiveCfg = Debug|Any CPU
		{14DFF639-7E2D-4180-9BF9-F32D35A8E9AA}.Debug|Any CPU.Build.0 = Debug|Any CPU
		{14DFF639-7E2D-4180-9BF9-F32D35A8E9AA}.Release|Any CPU.ActiveCfg = Release|Any CPU
		{14DFF639-7E2D-4180-9BF9-F32D35A8E9AA}.Release|Any CPU.Build.0 = Release|Any CPU
		{CFFAF2B2-2E4C-403D-B95F-B876D6A524E4}.Debug|Any CPU.ActiveCfg = Debug|Any CPU
		{CFFAF2B2-2E4C-403D-B95F-B876D6A524E4}.Debug|Any CPU.Build.0 = Debug|Any CPU
		{CFFAF2B2-2E4C-403D-B95F-B876D6A524E4}.Release|Any CPU.ActiveCfg = Release|Any CPU
		{CFFAF2B2-2E4C-403D-B95F-B876D6A524E4}.Release|Any CPU.Build.0 = Release|Any CPU
		{0A9704F9-7864-45AF-BFA7-E09F2B30A29F}.Debug|Any CPU.ActiveCfg = Debug|Any CPU
		{0A9704F9-7864-45AF-BFA7-E09F2B30A29F}.Debug|Any CPU.Build.0 = Debug|Any CPU
		{0A9704F9-7864-45AF-BFA7-E09F2B30A29F}.Release|Any CPU.ActiveCfg = Release|Any CPU
		{0A9704F9-7864-45AF-BFA7-E09F2B30A29F}.Release|Any CPU.Build.0 = Release|Any CPU
		{1C169613-5B7D-4128-ADDA-E3D5D82C39FA}.Debug|Any CPU.ActiveCfg = Debug|Any CPU
		{1C169613-5B7D-4128-ADDA-E3D5D82C39FA}.Debug|Any CPU.Build.0 = Debug|Any CPU
		{1C169613-5B7D-4128-ADDA-E3D5D82C39FA}.Release|Any CPU.ActiveCfg = Release|Any CPU
		{1C169613-5B7D-4128-ADDA-E3D5D82C39FA}.Release|Any CPU.Build.0 = Release|Any CPU
		{EB7891B1-80AC-44F1-AD8B-7060F33EADFC}.Debug|Any CPU.ActiveCfg = Debug|Any CPU
		{EB7891B1-80AC-44F1-AD8B-7060F33EADFC}.Debug|Any CPU.Build.0 = Debug|Any CPU
		{EB7891B1-80AC-44F1-AD8B-7060F33EADFC}.Release|Any CPU.ActiveCfg = Release|Any CPU
		{EB7891B1-80AC-44F1-AD8B-7060F33EADFC}.Release|Any CPU.Build.0 = Release|Any CPU
	EndGlobalSection
	GlobalSection(SolutionProperties) = preSolution
		HideSolutionNode = FALSE
	EndGlobalSection
	GlobalSection(NestedProjects) = preSolution
		{057CA37B-BA63-43E7-95F8-33A76CFC95A6} = {8783F882-4518-4336-85ED-BC047B825382}
		{1C169613-5B7D-4128-ADDA-E3D5D82C39FA} = {8783F882-4518-4336-85ED-BC047B825382}
		{7AF12630-452F-401D-94BD-C613F0C102C1} = {E75DC213-FD4C-40AD-9BEA-551CF4142470}
		{9AF06B7F-FB3B-4459-810C-DBAA18AF34D4} = {E75DC213-FD4C-40AD-9BEA-551CF4142470}
		{2DDE22D4-3E99-4D84-B9AA-50274D23254E} = {D3317645-0368-4D74-8A45-1EC477144042}
		{C6C52DD1-1E85-4F49-B0C7-60E94E7ED0DE} = {F3052DDE-4235-43ED-9809-E270DA2656E6}
		{74473563-D57A-409D-8953-2F95EB610165} = {F3052DDE-4235-43ED-9809-E270DA2656E6}
		{14DFF639-7E2D-4180-9BF9-F32D35A8E9AA} = {93488FB1-5496-4036-A17F-165214C7084F}
		{0A9704F9-7864-45AF-BFA7-E09F2B30A29F} = {93488FB1-5496-4036-A17F-165214C7084F}
		{EB7891B1-80AC-44F1-AD8B-7060F33EADFC} = {93488FB1-5496-4036-A17F-165214C7084F}
		{CFFAF2B2-2E4C-403D-B95F-B876D6A524E4} = {CDAF2CDE-F0C3-4CA0-B88D-9AC19F7C53D0}
	EndGlobalSection
EndGlobal
